
Microsoft Visual Studio Solution File, Format Version 12.00
# Visual Studio Version 17
VisualStudioVersion = 17.5.002.0
MinimumVisualStudioVersion = 10.0.40219.1
Project("{9A19103F-16F7-4668-BE54-9A1E7A4F7556}") = "learnenglish.webui", "learnenglish.webui\learnenglish.webui.csproj", "{03E31F3D-33B0-40DA-AE72-3909CC9DC18C}"
EndProject
Project("{FAE04EC0-301F-11D3-BF4B-00C04F79EFBC}") = "learnenglish.entity", "learnenglish.entity\learnenglish.entity.csproj", "{93D934AC-4A68-46DD-8280-5817F1767102}"
EndProject
Project("{FAE04EC0-301F-11D3-BF4B-00C04F79EFBC}") = "learnenglish.data", "learnenglish.data\learnenglish.data.csproj", "{B3EAEB5C-457E-4BE3-985A-19E65E09C588}"
EndProject
Global
	GlobalSection(SolutionConfigurationPlatforms) = preSolution
		Debug|Any CPU = Debug|Any CPU
		Release|Any CPU = Release|Any CPU
	EndGlobalSection
	GlobalSection(ProjectConfigurationPlatforms) = postSolution
		{03E31F3D-33B0-40DA-AE72-3909CC9DC18C}.Debug|Any CPU.ActiveCfg = Debug|Any CPU
		{03E31F3D-33B0-40DA-AE72-3909CC9DC18C}.Debug|Any CPU.Build.0 = Debug|Any CPU
		{03E31F3D-33B0-40DA-AE72-3909CC9DC18C}.Release|Any CPU.ActiveCfg = Release|Any CPU
		{03E31F3D-33B0-40DA-AE72-3909CC9DC18C}.Release|Any CPU.Build.0 = Release|Any CPU
		{93D934AC-4A68-46DD-8280-5817F1767102}.Debug|Any CPU.ActiveCfg = Debug|Any CPU
		{93D934AC-4A68-46DD-8280-5817F1767102}.Debug|Any CPU.Build.0 = Debug|Any CPU
		{93D934AC-4A68-46DD-8280-5817F1767102}.Release|Any CPU.ActiveCfg = Release|Any CPU
		{93D934AC-4A68-46DD-8280-5817F1767102}.Release|Any CPU.Build.0 = Release|Any CPU
		{B3EAEB5C-457E-4BE3-985A-19E65E09C588}.Debug|Any CPU.ActiveCfg = Debug|Any CPU
		{B3EAEB5C-457E-4BE3-985A-19E65E09C588}.Debug|Any CPU.Build.0 = Debug|Any CPU
		{B3EAEB5C-457E-4BE3-985A-19E65E09C588}.Release|Any CPU.ActiveCfg = Release|Any CPU
		{B3EAEB5C-457E-4BE3-985A-19E65E09C588}.Release|Any CPU.Build.0 = Release|Any CPU
	EndGlobalSection
	GlobalSection(SolutionProperties) = preSolution
		HideSolutionNode = FALSE
	EndGlobalSection
	GlobalSection(ExtensibilityGlobals) = postSolution
		SolutionGuid = {A922BF13-BB06-4E86-BA8B-CC2A794183A2}
	EndGlobalSection
EndGlobal
